
Microsoft Visual Studio Solution File, Format Version 12.00
# Visual Studio 15
VisualStudioVersion = 15.0.26430.14
MinimumVisualStudioVersion = 10.0.40219.1
Project("{FAE04EC0-301F-11D3-BF4B-00C04F79EFBC}") = "SiteAdmin", "SiteAdmin\SiteAdmin.csproj", "{9CB2AFA5-47B9-45FF-8849-8E90833F7D40}"
EndProject
Global
	GlobalSection(SolutionConfigurationPlatforms) = preSolution
		Debug|Any CPU = Debug|Any CPU
		Release|Any CPU = Release|Any CPU
	EndGlobalSection
	GlobalSection(ProjectConfigurationPlatforms) = postSolution
		{9CB2AFA5-47B9-45FF-8849-8E90833F7D40}.Debug|Any CPU.ActiveCfg = Debug|Any CPU
		{9CB2AFA5-47B9-45FF-8849-8E90833F7D40}.Debug|Any CPU.Build.0 = Debug|Any CPU
		{9CB2AFA5-47B9-45FF-8849-8E90833F7D40}.Release|Any CPU.ActiveCfg = Release|Any CPU
		{9CB2AFA5-47B9-45FF-8849-8E90833F7D40}.Release|Any CPU.Build.0 = Release|Any CPU
	EndGlobalSection
	GlobalSection(SolutionProperties) = preSolution
		HideSolutionNode = FALSE
	EndGlobalSection
EndGlobal
